hash: c673fb505a3fddfa404de5294ea07215e8c63338dbc113a1b9c1479556b48de4
updated: 2017-10-26T22:37:47.80769119-05:00
imports:
- name: github.com/lestrrat/go-file-rotatelogs
  version: 9df8b44f21785240553882138c5df2e9cc1db910
- name: github.com/lestrrat/go-strftime
  version: 04ef93e285313c8978cbc7cad26d2aa7a9927451
- name: github.com/pkg/errors
  version: 645ef00459ed84a119197bfb8d8205042c6df63d
- name: github.com/rifflock/lfshook
  version: 6844c808343cb8fa357d7f141b1b990e05d24e41
- name: github.com/rohanthewiz/serr
  version: d6543a08e0311a881a90c23fc48e7b70b3971ed0
- name: github.com/sirupsen/logrus
  version: f006c2ac4710855cf0f916dd6b77acf6b048dc6e
- name: golang.org/x/crypto
  version: b176d7def5d71bdd214203491f89843ed217f420
  subpackages:
  - ssh/terminal
- name: golang.org/x/sys
  version: 002cbb5f952456d0c50e0d2aff17ea5eca716979
  subpackages:
  - unix
  - windows
testImports: []
