github.com/lestrrat/go-strftime v0.0.0-20180220042222-ba3bf9c1d042 h1:Bvq8AziQ5jFF4BHGAEDSqwPW1NJS3XshxbRCxtjFAZc=
github.com/lestrrat/go-strftime v0.0.0-20180220042222-ba3bf9c1d042/go.mod h1:TPpsiPUEh0zFL1Snz4crhMlBe60PYxRHr5oFF3rRYg0=
github.com/pkg/errors v0.8.0 h1:WdK/asTD0HN+q6hsWO3/vpuAkAr+tw6aNJNDFFf0+qw=
github.com/pkg/errors v0.8.0/go.mod h1:bwawxfHBFNV+L2hUp1rHADufV3IMtnDRdf1r5NINEl0=
github.com/rifflock/lfshook v0.0.0-20170601165600-6844c808343c h1:fb08W52K+IU7f6ZiDEAYVJ2y8KN1zIChlKsoVxp2bj0=
github.com/rifflock/lfshook v0.0.0-20170601165600-6844c808343c/go.mod h1:GEXHk5HgEKCvEIIrSpFI3ozzG5xOKA2DVlEX/gGnewM=
github.com/rohanthewiz/rotatelogs v0.1.2 h1:xbhBnU6WWEEC9kQ8Car0D/7fPPbOTYUg0mE8k0lYyVg=
github.com/rohanthewiz/rotatelogs v0.1.2/go.mod h1:LsxtN1bp1EpJM2QohWGWhLV48zUvCETDNihnZjzvXFY=
github.com/rohanthewiz/serr v1.0.0-rc.3 h1:SF6N1H6UEZItH++sw2ssvaf1bJvqONcrzGGLo/UuxNE=
github.com/rohanthewiz/serr v1.0.0-rc.3/go.mod h1:4LFlRtUd/2j5PXgWWE9ibW/fVlJSH1acBDwn2pDcIRc=
github.com/sirupsen/logrus v1.0.6 h1:hcP1GmhGigz/O7h1WVUM5KklBp1JoNS9FggWKdj/j3s=
github.com/sirupsen/logrus v1.0.6/go.mod h1:pMByvHTf9Beacp5x1UXfOR9xyW/9antXMhjMPG0dEzc=
golang.org/x/crypto v0.0.0-20170808112155-b176d7def5d7 h1:pTltqCK8DaN/bs+trgnSNPnBjRpKt+K5GyiIyUWyAw0=
golang.org/x/crypto v0.0.0-20170808112155-b176d7def5d7/go.mod h1:6SG95UA2DQfeDnfUPMdvaQW0Q7yPrPDi9nlGo2tz2b4=
golang.org/x/sys v0.0.0-20161016222106-002cbb5f9524 h1:jF6tOVm68LGGm/og1WTUNAbwdoQWNA1rCpSxSrLPJRc=
golang.org/x/sys v0.0.0-20161016222106-002cbb5f9524/go.mod h1:STP8DvDyc/dI5b8T5hshtkjS+E42TnysNCUPdjciGhY=
